<?xml version="1.0" encoding="utf-8"?>
<Project ToolsVersion="4.0" xmlns="http://schemas.microsoft.com/developer/msbuild/2003">
  <ItemGroup>
    <Filter Include="ENTITY">
      <UniqueIdentifier>{730e9c71-ba96-4042-b945-3047dbd9fe64}</UniqueIdentifier>
    </Filter>
    <Filter Include="STATE PATTERN">
      <UniqueIdentifier>{3b2ba0f2-62cd-4be9-8bd2-24cade39b2aa}</UniqueIdentifier>
    </Filter>
    <Filter Include="UI">
      <UniqueIdentifier>{ca43e50f-2681-45df-a482-45bf9a2055ea}</UniqueIdentifier>
    </Filter>
    <Filter Include="STATE">
      <UniqueIdentifier>{0ce70abe-d119-43de-99f2-73c3bddeec7f}</UniqueIdentifier>
    </Filter>
    <Filter Include="OTHERS">
      <UniqueIdentifier>{0dffb1ae-8fd5-4a91-86ce-4cdb68a5a908}</UniqueIdentifier>
    </Filter>
  </ItemGroup>
  <ItemGroup>
    <ClCompile Include="WindHashashin.cpp">
      <Filter>ENTITY</Filter>
    </ClCompile>
    <ClCompile Include="MovableEntity.cpp">
      <Filter>ENTITY</Filter>
    </ClCompile>
    <ClCompile Include="Ground.cpp">
      <Filter>ENTITY</Filter>
    </ClCompile>
    <ClCompile Include="FireKnight.cpp">
      <Filter>ENTITY</Filter>
    </ClCompile>
    <ClCompile Include="DrawableEntity.cpp">
      <Filter>ENTITY</Filter>
    </ClCompile>
    <ClCompile Include="ColliderEntity.cpp">
      <Filter>ENTITY</Filter>
    </ClCompile>
    <ClCompile Include="AnimatedEntity.cpp">
      <Filter>ENTITY</Filter>
    </ClCompile>
    <ClCompile Include="PhysicalEntity.cpp">
      <Filter>ENTITY</Filter>
    </ClCompile>
    <ClCompile Include="Boxer.cpp">
      <Filter>ENTITY</Filter>
    </ClCompile>
    <ClCompile Include="ProjectileEntity.cpp">
      <Filter>ENTITY</Filter>
    </ClCompile>
    <ClCompile Include="Projectile.cpp">
      <Filter>ENTITY</Filter>
    </ClCompile>
    <ClCompile Include="BoxerUltimateProjectile.cpp">
      <Filter>ENTITY</Filter>
    </ClCompile>
    <ClCompile Include="CharacterState.cpp">
      <Filter>STATE PATTERN</Filter>
    </ClCompile>
    <ClCompile Include="RunningState.cpp">
      <Filter>STATE PATTERN</Filter>
    </ClCompile>
    <ClCompile Include="RollingState.cpp">
      <Filter>STATE PATTERN</Filter>
    </ClCompile>
    <ClCompile Include="OnUltimateState.cpp">
      <Filter>STATE PATTERN</Filter>
    </ClCompile>
    <ClCompile Include="JumpingState.cpp">
      <Filter>STATE PATTERN</Filter>
    </ClCompile>
    <ClCompile Include="IdleState.cpp">
      <Filter>STATE PATTERN</Filter>
    </ClCompile>
    <ClCompile Include="FallingState.cpp">
      <Filter>STATE PATTERN</Filter>
    </ClCompile>
    <ClCompile Include="Character.cpp">
      <Filter>STATE PATTERN</Filter>
    </ClCompile>
    <ClCompile Include="AttackingState.cpp">
      <Filter>STATE PATTERN</Filter>
    </ClCompile>
    <ClCompile Include="DeadState.cpp">
      <Filter>STATE PATTERN</Filter>
    </ClCompile>
    <ClCompile Include="HittedState.cpp">
      <Filter>STATE PATTERN</Filter>
    </ClCompile>
    <ClCompile Include="UI.cpp">
      <Filter>UI</Filter>
    </ClCompile>
    <ClCompile Include="TextButtonUI.cpp">
      <Filter>UI</Filter>
    </ClCompile>
    <ClCompile Include="StatusBarUI.cpp">
      <Filter>UI</Filter>
    </ClCompile>
    <ClCompile Include="SmallCharacterPortraitUI.cpp">
      <Filter>UI</Filter>
    </ClCompile>
    <ClCompile Include="ImageButtonUI.cpp">
      <Filter>UI</Filter>
    </ClCompile>
    <ClCompile Include="CharacterStatusUI.cpp">
      <Filter>UI</Filter>
    </ClCompile>
    <ClCompile Include="CharacterPortraitUI.cpp">
      <Filter>UI</Filter>
    </ClCompile>
    <ClCompile Include="ButtonUI.cpp">
      <Filter>UI</Filter>
    </ClCompile>
    <ClCompile Include="BigCharacterPortraitUI.cpp">
      <Filter>UI</Filter>
    </ClCompile>
    <ClCompile Include="BackgroundUI.cpp">
      <Filter>UI</Filter>
    </ClCompile>
    <ClCompile Include="ButtonAuxState.cpp">
      <Filter>STATE</Filter>
    </ClCompile>
    <ClCompile Include="CharacterSelectionState.cpp">
      <Filter>STATE</Filter>
    </ClCompile>
    <ClCompile Include="MainMenuState.cpp">
      <Filter>STATE</Filter>
    </ClCompile>
    <ClCompile Include="PlayingState.cpp">
      <Filter>STATE</Filter>
    </ClCompile>
    <ClCompile Include="StateContext.cpp">
      <Filter>STATE</Filter>
    </ClCompile>
    <ClCompile Include="Hoodie.cpp">
      <Filter>ENTITY</Filter>
    </ClCompile>
    <ClCompile Include="Game.cpp">
      <Filter>OTHERS</Filter>
    </ClCompile>
    <ClCompile Include="main.cpp">
      <Filter>OTHERS</Filter>
    </ClCompile>
    <ClCompile Include="TextureManager.cpp">
      <Filter>OTHERS</Filter>
    </ClCompile>
  </ItemGroup>
  <ItemGroup>
    <ClInclude Include="WindHashashin.h">
      <Filter>ENTITY</Filter>
    </ClInclude>
    <ClInclude Include="MovableEntity.h">
      <Filter>ENTITY</Filter>
    </ClInclude>
    <ClInclude Include="Ground.h">
      <Filter>ENTITY</Filter>
    </ClInclude>
    <ClInclude Include="FireKnight.h">
      <Filter>ENTITY</Filter>
    </ClInclude>
    <ClInclude Include="DrawableEntity.h">
      <Filter>ENTITY</Filter>
    </ClInclude>
    <ClInclude Include="ColliderEntity.h">
      <Filter>ENTITY</Filter>
    </ClInclude>
    <ClInclude Include="Player.h">
      <Filter>ENTITY</Filter>
    </ClInclude>
    <ClInclude Include="AnimatedEntity.h">
      <Filter>ENTITY</Filter>
    </ClInclude>
    <ClInclude Include="PhysicalEntity.h">
      <Filter>ENTITY</Filter>
    </ClInclude>
    <ClInclude Include="Boxer.h">
      <Filter>ENTITY</Filter>
    </ClInclude>
    <ClInclude Include="EnemyBot.h">
      <Filter>ENTITY</Filter>
    </ClInclude>
    <ClInclude Include="ProjectileEntity.h">
      <Filter>ENTITY</Filter>
    </ClInclude>
    <ClInclude Include="Projectile.h">
      <Filter>ENTITY</Filter>
    </ClInclude>
    <ClInclude Include="BoxerUltimateProjectile.h">
      <Filter>ENTITY</Filter>
    </ClInclude>
    <ClInclude Include="CharacterState.h">
      <Filter>STATE PATTERN</Filter>
    </ClInclude>
    <ClInclude Include="RunningState.h">
      <Filter>STATE PATTERN</Filter>
    </ClInclude>
    <ClInclude Include="FallingState.h">
      <Filter>STATE PATTERN</Filter>
    </ClInclude>
    <ClInclude Include="IdleState.h">
      <Filter>STATE PATTERN</Filter>
    </ClInclude>
    <ClInclude Include="JumpingState.h">
      <Filter>STATE PATTERN</Filter>
    </ClInclude>
    <ClInclude Include="OnUltimateState.h">
      <Filter>STATE PATTERN</Filter>
    </ClInclude>
    <ClInclude Include="RollingState.h">
      <Filter>STATE PATTERN</Filter>
    </ClInclude>
    <ClInclude Include="Character.h">
      <Filter>STATE PATTERN</Filter>
    </ClInclude>
    <ClInclude Include="AttackingState.h">
      <Filter>STATE PATTERN</Filter>
    </ClInclude>
    <ClInclude Include="HittedState.h">
      <Filter>STATE PATTERN</Filter>
    </ClInclude>
    <ClInclude Include="DeadState.h">
      <Filter>STATE PATTERN</Filter>
    </ClInclude>
    <ClInclude Include="BackgroundUI.h">
      <Filter>UI</Filter>
    </ClInclude>
    <ClInclude Include="BigCharacterPortraitUI.h">
      <Filter>UI</Filter>
    </ClInclude>
    <ClInclude Include="ButtonUI.h">
      <Filter>UI</Filter>
    </ClInclude>
    <ClInclude Include="CharacterPortraitUI.h">
      <Filter>UI</Filter>
    </ClInclude>
    <ClInclude Include="CharacterStatusUI.h">
      <Filter>UI</Filter>
    </ClInclude>
    <ClInclude Include="ImageButtonUI.h">
      <Filter>UI</Filter>
    </ClInclude>
    <ClInclude Include="SmallCharacterPortraitUI.h">
      <Filter>UI</Filter>
    </ClInclude>
    <ClInclude Include="StatusBarUI.h">
      <Filter>UI</Filter>
    </ClInclude>
    <ClInclude Include="TextButtonUI.h">
      <Filter>UI</Filter>
    </ClInclude>
    <ClInclude Include="UI.h">
      <Filter>UI</Filter>
    </ClInclude>
    <ClInclude Include="StateContext.h">
      <Filter>STATE</Filter>
    </ClInclude>
    <ClInclude Include="PlayingState.h">
      <Filter>STATE</Filter>
    </ClInclude>
    <ClInclude Include="MainMenuState.h">
      <Filter>STATE</Filter>
    </ClInclude>
    <ClInclude Include="CharacterSelectionState.h">
      <Filter>STATE</Filter>
    </ClInclude>
    <ClInclude Include="ButtonAuxState.h">
      <Filter>STATE</Filter>
    </ClInclude>
    <ClInclude Include="Hoodie.h">
      <Filter>ENTITY</Filter>
    </ClInclude>
    <ClInclude Include="Constants.h">
      <Filter>OTHERS</Filter>
    </ClInclude>
    <ClInclude Include="Game.h">
      <Filter>OTHERS</Filter>
    </ClInclude>
    <ClInclude Include="TextureManager.h">
      <Filter>OTHERS</Filter>
    </ClInclude>
  </ItemGroup>
</Project>