<?xml version="1.0" encoding="utf-8"?>
<Project ToolsVersion="4.0" xmlns="http://schemas.microsoft.com/developer/msbuild/2003">
  <ItemGroup>
    <Filter Include="Source Files">
      <UniqueIdentifier>{4FC737F1-C7A5-4376-A066-2A32D752A2FF}</UniqueIdentifier>
      <Extensions>cpp;c;cc;cxx;c++;cppm;ixx;def;odl;idl;hpj;bat;asm;asmx</Extensions>
    </Filter>
    <Filter Include="Header Files">
      <UniqueIdentifier>{93995380-89BD-4b04-88EB-625FBE52EBFB}</UniqueIdentifier>
      <Extensions>h;hh;hpp;hxx;h++;hm;inl;inc;ipp;xsd</Extensions>
    </Filter>
    <Filter Include="Resource Files">
      <UniqueIdentifier>{67DA6AB6-F800-4c08-8B7A-83BB121AAD01}</UniqueIdentifier>
      <Extensions>rc;ico;cur;bmp;dlg;rc2;rct;bin;rgs;gif;jpg;jpeg;jpe;resx;tiff;tif;png;wav;mfcribbon-ms</Extensions>
    </Filter>
    <Filter Include="ENTITY">
      <UniqueIdentifier>{730e9c71-ba96-4042-b945-3047dbd9fe64}</UniqueIdentifier>
    </Filter>
    <Filter Include="STATE PATTERN">
      <UniqueIdentifier>{3b2ba0f2-62cd-4be9-8bd2-24cade39b2aa}</UniqueIdentifier>
    </Filter>
  </ItemGroup>
  <ItemGroup>
    <ClCompile Include="BackgroundUI.cpp">
      <Filter>Source Files</Filter>
    </ClCompile>
    <ClCompile Include="ButtonAuxState.cpp">
      <Filter>Source Files</Filter>
    </ClCompile>
    <ClCompile Include="ButtonUI.cpp">
      <Filter>Source Files</Filter>
    </ClCompile>
    <ClCompile Include="CharacterPortraitUI.cpp">
      <Filter>Source Files</Filter>
    </ClCompile>
    <ClCompile Include="CharacterSelectionState.cpp">
      <Filter>Source Files</Filter>
    </ClCompile>
    <ClCompile Include="Game.cpp">
      <Filter>Source Files</Filter>
    </ClCompile>
    <ClCompile Include="main.cpp">
      <Filter>Source Files</Filter>
    </ClCompile>
    <ClCompile Include="MainMenuState.cpp">
      <Filter>Source Files</Filter>
    </ClCompile>
    <ClCompile Include="PlayingState.cpp">
      <Filter>Source Files</Filter>
    </ClCompile>
    <ClCompile Include="StateContext.cpp">
      <Filter>Source Files</Filter>
    </ClCompile>
    <ClCompile Include="TextureManager.cpp">
      <Filter>Source Files</Filter>
    </ClCompile>
    <ClCompile Include="UI.cpp">
      <Filter>Source Files</Filter>
    </ClCompile>
    <ClCompile Include="CharacterStatusUI.cpp">
      <Filter>Source Files</Filter>
    </ClCompile>
    <ClCompile Include="StatusBarUI.cpp">
      <Filter>Source Files</Filter>
    </ClCompile>
    <ClCompile Include="WindHashashin.cpp">
      <Filter>ENTITY</Filter>
    </ClCompile>
    <ClCompile Include="SwordEntity.cpp">
      <Filter>ENTITY</Filter>
    </ClCompile>
    <ClCompile Include="MovableEntity.cpp">
      <Filter>ENTITY</Filter>
    </ClCompile>
    <ClCompile Include="Ground.cpp">
      <Filter>ENTITY</Filter>
    </ClCompile>
    <ClCompile Include="FireKnight.cpp">
      <Filter>ENTITY</Filter>
    </ClCompile>
    <ClCompile Include="DrawableEntity.cpp">
      <Filter>ENTITY</Filter>
    </ClCompile>
    <ClCompile Include="DamageEntity.cpp">
      <Filter>ENTITY</Filter>
    </ClCompile>
    <ClCompile Include="ColliderEntity.cpp">
      <Filter>ENTITY</Filter>
    </ClCompile>
    <ClCompile Include="AnimatedEntity.cpp">
      <Filter>ENTITY</Filter>
    </ClCompile>
    <ClCompile Include="BigCharacterPortraitUI.cpp">
      <Filter>Source Files</Filter>
    </ClCompile>
    <ClCompile Include="SmallCharacterPortraitUI.cpp">
      <Filter>Source Files</Filter>
    </ClCompile>
    <ClCompile Include="PhysicalEntity.cpp">
      <Filter>ENTITY</Filter>
    </ClCompile>
    <ClCompile Include="WalkingEntity.cpp">
      <Filter>ENTITY</Filter>
    </ClCompile>
    <ClCompile Include="Boxer.cpp">
      <Filter>ENTITY</Filter>
    </ClCompile>
    <ClCompile Include="ProjectileEntity.cpp">
      <Filter>ENTITY</Filter>
    </ClCompile>
    <ClCompile Include="Projectile.cpp">
      <Filter>ENTITY</Filter>
    </ClCompile>
    <ClCompile Include="BoxerUltimateProjectile.cpp">
      <Filter>ENTITY</Filter>
    </ClCompile>
    <ClCompile Include="Hoodie.cpp">
      <Filter>Source Files</Filter>
    </ClCompile>
    <ClCompile Include="ImageButtonUI.cpp">
      <Filter>Source Files</Filter>
    </ClCompile>
    <ClCompile Include="TextButtonUI.cpp">
      <Filter>Source Files</Filter>
    </ClCompile>
    <ClCompile Include="CharacterState.cpp">
      <Filter>STATE PATTERN</Filter>
    </ClCompile>
    <ClCompile Include="RunningState.cpp">
      <Filter>STATE PATTERN</Filter>
    </ClCompile>
    <ClCompile Include="RollingState.cpp">
      <Filter>STATE PATTERN</Filter>
    </ClCompile>
    <ClCompile Include="OnUltimateState.cpp">
      <Filter>STATE PATTERN</Filter>
    </ClCompile>
    <ClCompile Include="JumpingState.cpp">
      <Filter>STATE PATTERN</Filter>
    </ClCompile>
    <ClCompile Include="IdleState.cpp">
      <Filter>STATE PATTERN</Filter>
    </ClCompile>
    <ClCompile Include="FallingState.cpp">
      <Filter>STATE PATTERN</Filter>
    </ClCompile>
    <ClCompile Include="Character.cpp">
      <Filter>STATE PATTERN</Filter>
    </ClCompile>
  </ItemGroup>
  <ItemGroup>
    <ClInclude Include="BackgroundUI.h">
      <Filter>Header Files</Filter>
    </ClInclude>
    <ClInclude Include="ButtonAuxState.h">
      <Filter>Header Files</Filter>
    </ClInclude>
    <ClInclude Include="ButtonUI.h">
      <Filter>Header Files</Filter>
    </ClInclude>
    <ClInclude Include="CharacterPortraitUI.h">
      <Filter>Header Files</Filter>
    </ClInclude>
    <ClInclude Include="CharacterSelectionState.h">
      <Filter>Header Files</Filter>
    </ClInclude>
    <ClInclude Include="Constants.h">
      <Filter>Header Files</Filter>
    </ClInclude>
    <ClInclude Include="Game.h">
      <Filter>Header Files</Filter>
    </ClInclude>
    <ClInclude Include="MainMenuState.h">
      <Filter>Header Files</Filter>
    </ClInclude>
    <ClInclude Include="PlayingState.h">
      <Filter>Header Files</Filter>
    </ClInclude>
    <ClInclude Include="StateContext.h">
      <Filter>Header Files</Filter>
    </ClInclude>
    <ClInclude Include="TextureManager.h">
      <Filter>Header Files</Filter>
    </ClInclude>
    <ClInclude Include="UI.h">
      <Filter>Header Files</Filter>
    </ClInclude>
    <ClInclude Include="CharacterStatusUI.h">
      <Filter>Header Files</Filter>
    </ClInclude>
    <ClInclude Include="StatusBarUI.h">
      <Filter>Header Files</Filter>
    </ClInclude>
    <ClInclude Include="WindHashashin.h">
      <Filter>ENTITY</Filter>
    </ClInclude>
    <ClInclude Include="SwordEntity.h">
      <Filter>ENTITY</Filter>
    </ClInclude>
    <ClInclude Include="MovableEntity.h">
      <Filter>ENTITY</Filter>
    </ClInclude>
    <ClInclude Include="Ground.h">
      <Filter>ENTITY</Filter>
    </ClInclude>
    <ClInclude Include="FireKnight.h">
      <Filter>ENTITY</Filter>
    </ClInclude>
    <ClInclude Include="DrawableEntity.h">
      <Filter>ENTITY</Filter>
    </ClInclude>
    <ClInclude Include="DamageEntity.h">
      <Filter>ENTITY</Filter>
    </ClInclude>
    <ClInclude Include="ColliderEntity.h">
      <Filter>ENTITY</Filter>
    </ClInclude>
    <ClInclude Include="Player.h">
      <Filter>ENTITY</Filter>
    </ClInclude>
    <ClInclude Include="AnimatedEntity.h">
      <Filter>ENTITY</Filter>
    </ClInclude>
    <ClInclude Include="BigCharacterPortraitUI.h">
      <Filter>Header Files</Filter>
    </ClInclude>
    <ClInclude Include="SmallCharacterPortraitUI.h">
      <Filter>Header Files</Filter>
    </ClInclude>
    <ClInclude Include="PhysicalEntity.h">
      <Filter>ENTITY</Filter>
    </ClInclude>
    <ClInclude Include="WalkingEntity.h">
      <Filter>ENTITY</Filter>
    </ClInclude>
    <ClInclude Include="Boxer.h">
      <Filter>ENTITY</Filter>
    </ClInclude>
    <ClInclude Include="EnemyBot.h">
      <Filter>ENTITY</Filter>
    </ClInclude>
    <ClInclude Include="ProjectileEntity.h">
      <Filter>ENTITY</Filter>
    </ClInclude>
    <ClInclude Include="Projectile.h">
      <Filter>ENTITY</Filter>
    </ClInclude>
    <ClInclude Include="BoxerUltimateProjectile.h">
      <Filter>ENTITY</Filter>
    </ClInclude>
    <ClInclude Include="Hoodie.h">
      <Filter>Header Files</Filter>
    </ClInclude>
    <ClInclude Include="ImageButtonUI.h">
      <Filter>Header Files</Filter>
    </ClInclude>
    <ClInclude Include="TextButtonUI.h">
      <Filter>Header Files</Filter>
    </ClInclude>
    <ClInclude Include="CharacterState.h">
      <Filter>STATE PATTERN</Filter>
    </ClInclude>
    <ClInclude Include="RunningState.h">
      <Filter>STATE PATTERN</Filter>
    </ClInclude>
    <ClInclude Include="FallingState.h">
      <Filter>STATE PATTERN</Filter>
    </ClInclude>
    <ClInclude Include="IdleState.h">
      <Filter>STATE PATTERN</Filter>
    </ClInclude>
    <ClInclude Include="JumpingState.h">
      <Filter>STATE PATTERN</Filter>
    </ClInclude>
    <ClInclude Include="OnUltimateState.h">
      <Filter>STATE PATTERN</Filter>
    </ClInclude>
    <ClInclude Include="RollingState.h">
      <Filter>STATE PATTERN</Filter>
    </ClInclude>
    <ClInclude Include="Character.h">
      <Filter>STATE PATTERN</Filter>
    </ClInclude>
  </ItemGroup>
</Project>