<?xml version="1.0" encoding="utf-8"?>
<Project ToolsVersion="4.0" xmlns="http://schemas.microsoft.com/developer/msbuild/2003">
  <ItemGroup>
    <Filter Include="Arquivos de Origem">
      <UniqueIdentifier>{4FC737F1-C7A5-4376-A066-2A32D752A2FF}</UniqueIdentifier>
      <Extensions>cpp;c;cc;cxx;c++;cppm;ixx;def;odl;idl;hpj;bat;asm;asmx</Extensions>
    </Filter>
    <Filter Include="Arquivos de Cabeçalho">
      <UniqueIdentifier>{93995380-89BD-4b04-88EB-625FBE52EBFB}</UniqueIdentifier>
      <Extensions>h;hh;hpp;hxx;h++;hm;inl;inc;ipp;xsd</Extensions>
    </Filter>
    <Filter Include="Arquivos de Recurso">
      <UniqueIdentifier>{67DA6AB6-F800-4c08-8B7A-83BB121AAD01}</UniqueIdentifier>
      <Extensions>rc;ico;cur;bmp;dlg;rc2;rct;bin;rgs;gif;jpg;jpeg;jpe;resx;tiff;tif;png;wav;mfcribbon-ms</Extensions>
    </Filter>
    <Filter Include="UI">
      <UniqueIdentifier>{8866d1ab-2a1c-41c9-909c-03a4e1941c04}</UniqueIdentifier>
    </Filter>
    <Filter Include="States">
      <UniqueIdentifier>{fdc425b7-dff9-4ca9-8d68-1fc9ffa722e7}</UniqueIdentifier>
    </Filter>
    <Filter Include="Entities">
      <UniqueIdentifier>{a634de15-d5d9-4fe7-ac66-976a73e78129}</UniqueIdentifier>
    </Filter>
  </ItemGroup>
  <ItemGroup>
    <ClCompile Include="main.cpp">
      <Filter>Arquivos de Origem</Filter>
    </ClCompile>
    <ClCompile Include="Game.cpp">
      <Filter>Arquivos de Origem</Filter>
    </ClCompile>
    <ClCompile Include="TextureManager.cpp">
      <Filter>Arquivos de Origem</Filter>
    </ClCompile>
    <ClCompile Include="ButtonUI.cpp">
      <Filter>UI</Filter>
    </ClCompile>
    <ClCompile Include="HealthBarUI.cpp">
      <Filter>UI</Filter>
    </ClCompile>
    <ClCompile Include="UI.cpp">
      <Filter>UI</Filter>
    </ClCompile>
    <ClCompile Include="PlayingState.cpp">
      <Filter>States</Filter>
    </ClCompile>
    <ClCompile Include="StateContext.cpp">
      <Filter>States</Filter>
    </ClCompile>
    <ClCompile Include="MainMenuState.cpp">
      <Filter>States</Filter>
    </ClCompile>
    <ClCompile Include="AnimatedEntity.cpp">
      <Filter>Entities</Filter>
    </ClCompile>
    <ClCompile Include="ColliderEntity.cpp">
      <Filter>Entities</Filter>
    </ClCompile>
    <ClCompile Include="DamageEntity.cpp">
      <Filter>Entities</Filter>
    </ClCompile>
    <ClCompile Include="DrawableEntity.cpp">
      <Filter>Entities</Filter>
    </ClCompile>
    <ClCompile Include="Ground.cpp">
      <Filter>Entities</Filter>
    </ClCompile>
    <ClCompile Include="MovableEntity.cpp">
      <Filter>Entities</Filter>
    </ClCompile>
    <ClCompile Include="SwordEntity.cpp">
      <Filter>Entities</Filter>
    </ClCompile>
    <ClCompile Include="Character.cpp">
      <Filter>Entities</Filter>
    </ClCompile>
    <ClCompile Include="FireKnight.cpp">
      <Filter>Entities</Filter>
    </ClCompile>
    <ClCompile Include="WindHashashin.cpp">
      <Filter>Entities</Filter>
    </ClCompile>
  </ItemGroup>
  <ItemGroup>
    <ClInclude Include="Game.h">
      <Filter>Arquivos de Cabeçalho</Filter>
    </ClInclude>
    <ClInclude Include="TextureManager.h">
      <Filter>Arquivos de Cabeçalho</Filter>
    </ClInclude>
    <ClInclude Include="Constants.h">
      <Filter>Arquivos de Cabeçalho</Filter>
    </ClInclude>
    <ClInclude Include="ButtonUI.h">
      <Filter>UI</Filter>
    </ClInclude>
    <ClInclude Include="HealthBarUI.h">
      <Filter>UI</Filter>
    </ClInclude>
    <ClInclude Include="UI.h">
      <Filter>UI</Filter>
    </ClInclude>
    <ClInclude Include="PlayingState.h">
      <Filter>States</Filter>
    </ClInclude>
    <ClInclude Include="StateContext.h">
      <Filter>States</Filter>
    </ClInclude>
    <ClInclude Include="MainMenuState.h">
      <Filter>States</Filter>
    </ClInclude>
    <ClInclude Include="AnimatedEntity.h">
      <Filter>Entities</Filter>
    </ClInclude>
    <ClInclude Include="ColliderEntity.h">
      <Filter>Entities</Filter>
    </ClInclude>
    <ClInclude Include="DamageEntity.h">
      <Filter>Entities</Filter>
    </ClInclude>
    <ClInclude Include="DrawableEntity.h">
      <Filter>Entities</Filter>
    </ClInclude>
    <ClInclude Include="Ground.h">
      <Filter>Entities</Filter>
    </ClInclude>
    <ClInclude Include="MovableEntity.h">
      <Filter>Entities</Filter>
    </ClInclude>
    <ClInclude Include="SwordEntity.h">
      <Filter>Entities</Filter>
    </ClInclude>
    <ClInclude Include="Character.h">
      <Filter>Entities</Filter>
    </ClInclude>
    <ClInclude Include="FireKnight.h">
      <Filter>Entities</Filter>
    </ClInclude>
    <ClInclude Include="WindHashashin.h">
      <Filter>Entities</Filter>
    </ClInclude>
  </ItemGroup>
</Project>